
Microsoft Visual Studio Solution File, Format Version 12.00
# Visual Studio Version 17
VisualStudioVersion = 17.0.31521.260
MinimumVisualStudioVersion = 10.0.40219.1
Project("{FAE04EC0-301F-11D3-BF4B-00C04F79EFBC}") = "Baja", "Baja.csproj", "{BE9694AD-A93F-481F-AB0C-678F57BB97A7}"
EndProject
Global
	GlobalSection(SolutionConfigurationPlatforms) = preSolution
		Debug|Any CPU = Debug|Any CPU
		Release|Any CPU = Release|Any CPU
	EndGlobalSection
	GlobalSection(ProjectConfigurationPlatforms) = postSolution
		{BE9694AD-A93F-481F-AB0C-678F57BB97A7}.Debug|Any CPU.ActiveCfg = Debug|Any CPU
		{BE9694AD-A93F-481F-AB0C-678F57BB97A7}.Debug|Any CPU.Build.0 = Debug|Any CPU
		{BE9694AD-A93F-481F-AB0C-678F57BB97A7}.Release|Any CPU.ActiveCfg = Release|Any CPU
		{BE9694AD-A93F-481F-AB0C-678F57BB97A7}.Release|Any CPU.Build.0 = Release|Any CPU
	EndGlobalSection
	GlobalSection(SolutionProperties) = preSolution
		HideSolutionNode = FALSE
	EndGlobalSection
	GlobalSection(ExtensibilityGlobals) = postSolution
		SolutionGuid = {979AAEB2-0488-4292-9DA0-D759F430007C}
	EndGlobalSection
EndGlobal
